
Microsoft Visual Studio Solution File, Format Version 12.00
# Visual Studio 14
VisualStudioVersion = 14.0.25420.1
MinimumVisualStudioVersion = 10.0.40219.1
Project("{FAE04EC0-301F-11D3-BF4B-00C04F79EFBC}") = "RitoGamesPlsApp", "RitoGamesPlsApp\RitoGamesPlsApp\RitoGamesPlsApp.csproj", "{0E1EDD5E-009F-4268-9EA0-A9B9F95237C5}"
EndProject
Project("{FAE04EC0-301F-11D3-BF4B-00C04F79EFBC}") = "RitoGamesPlsApp.Droid", "RitoGamesPlsApp\RitoGamesPlsApp.Droid\RitoGamesPlsApp.Droid.csproj", "{CA037010-4218-46CC-954A-6A91F277638E}"
EndProject
Project("{FAE04EC0-301F-11D3-BF4B-00C04F79EFBC}") = "RitoGamesPlsApp.iOS", "RitoGamesPlsApp\RitoGamesPlsApp.iOS\RitoGamesPlsApp.iOS.csproj", "{E9476FA7-CACE-4BD5-9DD6-7AC974022004}"
EndProject
Project("{FAE04EC0-301F-11D3-BF4B-00C04F79EFBC}") = "RitoGamesPlsApp.WinPhone", "RitoGamesPlsApp\RitoGamesPlsApp.WinPhone\RitoGamesPlsApp.WinPhone.csproj", "{584EF906-59AD-4101-87CF-6F48394A5332}"
EndProject
Project("{FAE04EC0-301F-11D3-BF4B-00C04F79EFBC}") = "RitoGamesPlsApp.Windows", "RitoGamesPlsApp\RitoGamesPlsApp.Windows\RitoGamesPlsApp.Windows.csproj", "{BC9EC28B-8378-4B63-9EAD-3CC024530570}"
EndProject
Global
	GlobalSection(SolutionConfigurationPlatforms) = preSolution
		Ad-Hoc|Any CPU = Ad-Hoc|Any CPU
		Ad-Hoc|ARM = Ad-Hoc|ARM
		Ad-Hoc|iPhone = Ad-Hoc|iPhone
		Ad-Hoc|iPhoneSimulator = Ad-Hoc|iPhoneSimulator
		Ad-Hoc|x64 = Ad-Hoc|x64
		Ad-Hoc|x86 = Ad-Hoc|x86
		AppStore|Any CPU = AppStore|Any CPU
		AppStore|ARM = AppStore|ARM
		AppStore|iPhone = AppStore|iPhone
		AppStore|iPhoneSimulator = AppStore|iPhoneSimulator
		AppStore|x64 = AppStore|x64
		AppStore|x86 = AppStore|x86
		Debug|Any CPU = Debug|Any CPU
		Debug|ARM = Debug|ARM
		Debug|iPhone = Debug|iPhone
		Debug|iPhoneSimulator = Debug|iPhoneSimulator
		Debug|x64 = Debug|x64
		Debug|x86 = Debug|x86
		Release|Any CPU = Release|Any CPU
		Release|ARM = Release|ARM
		Release|iPhone = Release|iPhone
		Release|iPhoneSimulator = Release|iPhoneSimulator
		Release|x64 = Release|x64
		Release|x86 = Release|x86
	EndGlobalSection
	GlobalSection(ProjectConfigurationPlatforms) = postSolution
		{0E1EDD5E-009F-4268-9EA0-A9B9F95237C5}.Ad-Hoc|Any CPU.ActiveCfg = Release|Any CPU
		{0E1EDD5E-009F-4268-9EA0-A9B9F95237C5}.Ad-Hoc|Any CPU.Build.0 = Release|Any CPU
		{0E1EDD5E-009F-4268-9EA0-A9B9F95237C5}.Ad-Hoc|ARM.ActiveCfg = Release|Any CPU
		{0E1EDD5E-009F-4268-9EA0-A9B9F95237C5}.Ad-Hoc|ARM.Build.0 = Release|Any CPU
		{0E1EDD5E-009F-4268-9EA0-A9B9F95237C5}.Ad-Hoc|iPhone.ActiveCfg = Release|Any CPU
		{0E1EDD5E-009F-4268-9EA0-A9B9F95237C5}.Ad-Hoc|iPhone.Build.0 = Release|Any CPU
		{0E1EDD5E-009F-4268-9EA0-A9B9F95237C5}.Ad-Hoc|iPhoneSimulator.ActiveCfg = Release|Any CPU
		{0E1EDD5E-009F-4268-9EA0-A9B9F95237C5}.Ad-Hoc|iPhoneSimulator.Build.0 = Release|Any CPU
		{0E1EDD5E-009F-4268-9EA0-A9B9F95237C5}.Ad-Hoc|x64.ActiveCfg = Release|Any CPU
		{0E1EDD5E-009F-4268-9EA0-A9B9F95237C5}.Ad-Hoc|x64.Build.0 = Release|Any CPU
		{0E1EDD5E-009F-4268-9EA0-A9B9F95237C5}.Ad-Hoc|x86.ActiveCfg = Release|Any CPU
		{0E1EDD5E-009F-4268-9EA0-A9B9F95237C5}.Ad-Hoc|x86.Build.0 = Release|Any CPU
		{0E1EDD5E-009F-4268-9EA0-A9B9F95237C5}.AppStore|Any CPU.ActiveCfg = Release|Any CPU
		{0E1EDD5E-009F-4268-9EA0-A9B9F95237C5}.AppStore|Any CPU.Build.0 = Release|Any CPU
		{0E1EDD5E-009F-4268-9EA0-A9B9F95237C5}.AppStore|ARM.ActiveCfg = Release|Any CPU
		{0E1EDD5E-009F-4268-9EA0-A9B9F95237C5}.AppStore|ARM.Build.0 = Release|Any CPU
		{0E1EDD5E-009F-4268-9EA0-A9B9F95237C5}.AppStore|iPhone.ActiveCfg = Release|Any CPU
		{0E1EDD5E-009F-4268-9EA0-A9B9F95237C5}.AppStore|iPhone.Build.0 = Release|Any CPU
		{0E1EDD5E-009F-4268-9EA0-A9B9F95237C5}.AppStore|iPhoneSimulator.ActiveCfg = Release|Any CPU
		{0E1EDD5E-009F-4268-9EA0-A9B9F95237C5}.AppStore|iPhoneSimulator.Build.0 = Release|Any CPU
		{0E1EDD5E-009F-4268-9EA0-A9B9F95237C5}.AppStore|x64.ActiveCfg = Release|Any CPU
		{0E1EDD5E-009F-4268-9EA0-A9B9F95237C5}.AppStore|x64.Build.0 = Release|Any CPU
		{0E1EDD5E-009F-4268-9EA0-A9B9F95237C5}.AppStore|x86.ActiveCfg = Release|Any CPU
		{0E1EDD5E-009F-4268-9EA0-A9B9F95237C5}.AppStore|x86.Build.0 = Release|Any CPU
		{0E1EDD5E-009F-4268-9EA0-A9B9F95237C5}.Debug|Any CPU.ActiveCfg = Debug|Any CPU
		{0E1EDD5E-009F-4268-9EA0-A9B9F95237C5}.Debug|Any CPU.Build.0 = Debug|Any CPU
		{0E1EDD5E-009F-4268-9EA0-A9B9F95237C5}.Debug|ARM.ActiveCfg = Debug|Any CPU
		{0E1EDD5E-009F-4268-9EA0-A9B9F95237C5}.Debug|ARM.Build.0 = Debug|Any CPU
		{0E1EDD5E-009F-4268-9EA0-A9B9F95237C5}.Debug|iPhone.ActiveCfg = Debug|Any CPU
		{0E1EDD5E-009F-4268-9EA0-A9B9F95237C5}.Debug|iPhone.Build.0 = Debug|Any CPU
		{0E1EDD5E-009F-4268-9EA0-A9B9F95237C5}.Debug|iPhoneSimulator.ActiveCfg = Debug|Any CPU
		{0E1EDD5E-009F-4268-9EA0-A9B9F95237C5}.Debug|iPhoneSimulator.Build.0 = Debug|Any CPU
		{0E1EDD5E-009F-4268-9EA0-A9B9F95237C5}.Debug|x64.ActiveCfg = Debug|Any CPU
		{0E1EDD5E-009F-4268-9EA0-A9B9F95237C5}.Debug|x64.Build.0 = Debug|Any CPU
		{0E1EDD5E-009F-4268-9EA0-A9B9F95237C5}.Debug|x86.ActiveCfg = Debug|Any CPU
		{0E1EDD5E-009F-4268-9EA0-A9B9F95237C5}.Debug|x86.Build.0 = Debug|Any CPU
		{0E1EDD5E-009F-4268-9EA0-A9B9F95237C5}.Release|Any CPU.ActiveCfg = Release|Any CPU
		{0E1EDD5E-009F-4268-9EA0-A9B9F95237C5}.Release|Any CPU.Build.0 = Release|Any CPU
		{0E1EDD5E-009F-4268-9EA0-A9B9F95237C5}.Release|ARM.ActiveCfg = Release|Any CPU
		{0E1EDD5E-009F-4268-9EA0-A9B9F95237C5}.Release|ARM.Build.0 = Release|Any CPU
		{0E1EDD5E-009F-4268-9EA0-A9B9F95237C5}.Release|iPhone.ActiveCfg = Release|Any CPU
		{0E1EDD5E-009F-4268-9EA0-A9B9F95237C5}.Release|iPhone.Build.0 = Release|Any CPU
		{0E1EDD5E-009F-4268-9EA0-A9B9F95237C5}.Release|iPhoneSimulator.ActiveCfg = Release|Any CPU
		{0E1EDD5E-009F-4268-9EA0-A9B9F95237C5}.Release|iPhoneSimulator.Build.0 = Release|Any CPU
		{0E1EDD5E-009F-4268-9EA0-A9B9F95237C5}.Release|x64.ActiveCfg = Release|Any CPU
		{0E1EDD5E-009F-4268-9EA0-A9B9F95237C5}.Release|x64.Build.0 = Release|Any CPU
		{0E1EDD5E-009F-4268-9EA0-A9B9F95237C5}.Release|x86.ActiveCfg = Release|Any CPU
		{0E1EDD5E-009F-4268-9EA0-A9B9F95237C5}.Release|x86.Build.0 = Release|Any CPU
		{CA037010-4218-46CC-954A-6A91F277638E}.Ad-Hoc|Any CPU.ActiveCfg = Release|Any CPU
		{CA037010-4218-46CC-954A-6A91F277638E}.Ad-Hoc|Any CPU.Build.0 = Release|Any CPU
		{CA037010-4218-46CC-954A-6A91F277638E}.Ad-Hoc|Any CPU.Deploy.0 = Release|Any CPU
		{CA037010-4218-46CC-954A-6A91F277638E}.Ad-Hoc|ARM.ActiveCfg = Release|Any CPU
		{CA037010-4218-46CC-954A-6A91F277638E}.Ad-Hoc|ARM.Build.0 = Release|Any CPU
		{CA037010-4218-46CC-954A-6A91F277638E}.Ad-Hoc|ARM.Deploy.0 = Release|Any CPU
		{CA037010-4218-46CC-954A-6A91F277638E}.Ad-Hoc|iPhone.ActiveCfg = Release|Any CPU
		{CA037010-4218-46CC-954A-6A91F277638E}.Ad-Hoc|iPhone.Build.0 = Release|Any CPU
		{CA037010-4218-46CC-954A-6A91F277638E}.Ad-Hoc|iPhone.Deploy.0 = Release|Any CPU
		{CA037010-4218-46CC-954A-6A91F277638E}.Ad-Hoc|iPhoneSimulator.ActiveCfg = Release|Any CPU
		{CA037010-4218-46CC-954A-6A91F277638E}.Ad-Hoc|iPhoneSimulator.Build.0 = Release|Any CPU
		{CA037010-4218-46CC-954A-6A91F277638E}.Ad-Hoc|iPhoneSimulator.Deploy.0 = Release|Any CPU
		{CA037010-4218-46CC-954A-6A91F277638E}.Ad-Hoc|x64.ActiveCfg = Release|Any CPU
		{CA037010-4218-46CC-954A-6A91F277638E}.Ad-Hoc|x64.Build.0 = Release|Any CPU
		{CA037010-4218-46CC-954A-6A91F277638E}.Ad-Hoc|x64.Deploy.0 = Release|Any CPU
		{CA037010-4218-46CC-954A-6A91F277638E}.Ad-Hoc|x86.ActiveCfg = Release|Any CPU
		{CA037010-4218-46CC-954A-6A91F277638E}.Ad-Hoc|x86.Build.0 = Release|Any CPU
		{CA037010-4218-46CC-954A-6A91F277638E}.Ad-Hoc|x86.Deploy.0 = Release|Any CPU
		{CA037010-4218-46CC-954A-6A91F277638E}.AppStore|Any CPU.ActiveCfg = Release|Any CPU
		{CA037010-4218-46CC-954A-6A91F277638E}.AppStore|Any CPU.Build.0 = Release|Any CPU
		{CA037010-4218-46CC-954A-6A91F277638E}.AppStore|Any CPU.Deploy.0 = Release|Any CPU
		{CA037010-4218-46CC-954A-6A91F277638E}.AppStore|ARM.ActiveCfg = Release|Any CPU
		{CA037010-4218-46CC-954A-6A91F277638E}.AppStore|ARM.Build.0 = Release|Any CPU
		{CA037010-4218-46CC-954A-6A91F277638E}.AppStore|ARM.Deploy.0 = Release|Any CPU
		{CA037010-4218-46CC-954A-6A91F277638E}.AppStore|iPhone.ActiveCfg = Release|Any CPU
		{CA037010-4218-46CC-954A-6A91F277638E}.AppStore|iPhone.Build.0 = Release|Any CPU
		{CA037010-4218-46CC-954A-6A91F277638E}.AppStore|iPhone.Deploy.0 = Release|Any CPU
		{CA037010-4218-46CC-954A-6A91F277638E}.AppStore|iPhoneSimulator.ActiveCfg = Release|Any CPU
		{CA037010-4218-46CC-954A-6A91F277638E}.AppStore|iPhoneSimulator.Build.0 = Release|Any CPU
		{CA037010-4218-46CC-954A-6A91F277638E}.AppStore|iPhoneSimulator.Deploy.0 = Release|Any CPU
		{CA037010-4218-46CC-954A-6A91F277638E}.AppStore|x64.ActiveCfg = Release|Any CPU
		{CA037010-4218-46CC-954A-6A91F277638E}.AppStore|x64.Build.0 = Release|Any CPU
		{CA037010-4218-46CC-954A-6A91F277638E}.AppStore|x64.Deploy.0 = Release|Any CPU
		{CA037010-4218-46CC-954A-6A91F277638E}.AppStore|x86.ActiveCfg = Release|Any CPU
		{CA037010-4218-46CC-954A-6A91F277638E}.AppStore|x86.Build.0 = Release|Any CPU
		{CA037010-4218-46CC-954A-6A91F277638E}.AppStore|x86.Deploy.0 = Release|Any CPU
		{CA037010-4218-46CC-954A-6A91F277638E}.Debug|Any CPU.ActiveCfg = Debug|Any CPU
		{CA037010-4218-46CC-954A-6A91F277638E}.Debug|Any CPU.Build.0 = Debug|Any CPU
		{CA037010-4218-46CC-954A-6A91F277638E}.Debug|Any CPU.Deploy.0 = Debug|Any CPU
		{CA037010-4218-46CC-954A-6A91F277638E}.Debug|ARM.ActiveCfg = Debug|Any CPU
		{CA037010-4218-46CC-954A-6A91F277638E}.Debug|ARM.Build.0 = Debug|Any CPU
		{CA037010-4218-46CC-954A-6A91F277638E}.Debug|ARM.Deploy.0 = Debug|Any CPU
		{CA037010-4218-46CC-954A-6A91F277638E}.Debug|iPhone.ActiveCfg = Debug|Any CPU
		{CA037010-4218-46CC-954A-6A91F277638E}.Debug|iPhone.Build.0 = Debug|Any CPU
		{CA037010-4218-46CC-954A-6A91F277638E}.Debug|iPhone.Deploy.0 = Debug|Any CPU
		{CA037010-4218-46CC-954A-6A91F277638E}.Debug|iPhoneSimulator.ActiveCfg = Debug|Any CPU
		{CA037010-4218-46CC-954A-6A91F277638E}.Debug|iPhoneSimulator.Build.0 = Debug|Any CPU
		{CA037010-4218-46CC-954A-6A91F277638E}.Debug|iPhoneSimulator.Deploy.0 = Debug|Any CPU
		{CA037010-4218-46CC-954A-6A91F277638E}.Debug|x64.ActiveCfg = Debug|Any CPU
		{CA037010-4218-46CC-954A-6A91F277638E}.Debug|x64.Build.0 = Debug|Any CPU
		{CA037010-4218-46CC-954A-6A91F277638E}.Debug|x64.Deploy.0 = Debug|Any CPU
		{CA037010-4218-46CC-954A-6A91F277638E}.Debug|x86.ActiveCfg = Debug|Any CPU
		{CA037010-4218-46CC-954A-6A91F277638E}.Debug|x86.Build.0 = Debug|Any CPU
		{CA037010-4218-46CC-954A-6A91F277638E}.Debug|x86.Deploy.0 = Debug|Any CPU
		{CA037010-4218-46CC-954A-6A91F277638E}.Release|Any CPU.ActiveCfg = Release|Any CPU
		{CA037010-4218-46CC-954A-6A91F277638E}.Release|Any CPU.Build.0 = Release|Any CPU
		{CA037010-4218-46CC-954A-6A91F277638E}.Release|Any CPU.Deploy.0 = Release|Any CPU
		{CA037010-4218-46CC-954A-6A91F277638E}.Release|ARM.ActiveCfg = Release|Any CPU
		{CA037010-4218-46CC-954A-6A91F277638E}.Release|ARM.Build.0 = Release|Any CPU
		{CA037010-4218-46CC-954A-6A91F277638E}.Release|ARM.Deploy.0 = Release|Any CPU
		{CA037010-4218-46CC-954A-6A91F277638E}.Release|iPhone.ActiveCfg = Release|Any CPU
		{CA037010-4218-46CC-954A-6A91F277638E}.Release|iPhone.Build.0 = Release|Any CPU
		{CA037010-4218-46CC-954A-6A91F277638E}.Release|iPhone.Deploy.0 = Release|Any CPU
		{CA037010-4218-46CC-954A-6A91F277638E}.Release|iPhoneSimulator.ActiveCfg = Release|Any CPU
		{CA037010-4218-46CC-954A-6A91F277638E}.Release|iPhoneSimulator.Build.0 = Release|Any CPU
		{CA037010-4218-46CC-954A-6A91F277638E}.Release|iPhoneSimulator.Deploy.0 = Release|Any CPU
		{CA037010-4218-46CC-954A-6A91F277638E}.Release|x64.ActiveCfg = Release|Any CPU
		{CA037010-4218-46CC-954A-6A91F277638E}.Release|x64.Build.0 = Release|Any CPU
		{CA037010-4218-46CC-954A-6A91F277638E}.Release|x64.Deploy.0 = Release|Any CPU
		{CA037010-4218-46CC-954A-6A91F277638E}.Release|x86.ActiveCfg = Release|Any CPU
		{CA037010-4218-46CC-954A-6A91F277638E}.Release|x86.Build.0 = Release|Any CPU
		{CA037010-4218-46CC-954A-6A91F277638E}.Release|x86.Deploy.0 = Release|Any CPU
		{E9476FA7-CACE-4BD5-9DD6-7AC974022004}.Ad-Hoc|Any CPU.ActiveCfg = Ad-Hoc|iPhone
		{E9476FA7-CACE-4BD5-9DD6-7AC974022004}.Ad-Hoc|ARM.ActiveCfg = Ad-Hoc|iPhone
		{E9476FA7-CACE-4BD5-9DD6-7AC974022004}.Ad-Hoc|iPhone.ActiveCfg = Ad-Hoc|iPhone
		{E9476FA7-CACE-4BD5-9DD6-7AC974022004}.Ad-Hoc|iPhone.Build.0 = Ad-Hoc|iPhone
		{E9476FA7-CACE-4BD5-9DD6-7AC974022004}.Ad-Hoc|iPhoneSimulator.ActiveCfg = Ad-Hoc|iPhoneSimulator
		{E9476FA7-CACE-4BD5-9DD6-7AC974022004}.Ad-Hoc|iPhoneSimulator.Build.0 = Ad-Hoc|iPhoneSimulator
		{E9476FA7-CACE-4BD5-9DD6-7AC974022004}.Ad-Hoc|x64.ActiveCfg = Ad-Hoc|iPhone
		{E9476FA7-CACE-4BD5-9DD6-7AC974022004}.Ad-Hoc|x86.ActiveCfg = Ad-Hoc|iPhone
		{E9476FA7-CACE-4BD5-9DD6-7AC974022004}.AppStore|Any CPU.ActiveCfg = AppStore|iPhone
		{E9476FA7-CACE-4BD5-9DD6-7AC974022004}.AppStore|ARM.ActiveCfg = AppStore|iPhone
		{E9476FA7-CACE-4BD5-9DD6-7AC974022004}.AppStore|iPhone.ActiveCfg = AppStore|iPhone
		{E9476FA7-CACE-4BD5-9DD6-7AC974022004}.AppStore|iPhone.Build.0 = AppStore|iPhone
		{E9476FA7-CACE-4BD5-9DD6-7AC974022004}.AppStore|iPhoneSimulator.ActiveCfg = AppStore|iPhoneSimulator
		{E9476FA7-CACE-4BD5-9DD6-7AC974022004}.AppStore|iPhoneSimulator.Build.0 = AppStore|iPhoneSimulator
		{E9476FA7-CACE-4BD5-9DD6-7AC974022004}.AppStore|x64.ActiveCfg = AppStore|iPhone
		{E9476FA7-CACE-4BD5-9DD6-7AC974022004}.AppStore|x86.ActiveCfg = AppStore|iPhone
		{E9476FA7-CACE-4BD5-9DD6-7AC974022004}.Debug|Any CPU.ActiveCfg = Debug|iPhone
		{E9476FA7-CACE-4BD5-9DD6-7AC974022004}.Debug|ARM.ActiveCfg = Debug|iPhone
		{E9476FA7-CACE-4BD5-9DD6-7AC974022004}.Debug|iPhone.ActiveCfg = Debug|iPhone
		{E9476FA7-CACE-4BD5-9DD6-7AC974022004}.Debug|iPhone.Build.0 = Debug|iPhone
		{E9476FA7-CACE-4BD5-9DD6-7AC974022004}.Debug|iPhoneSimulator.ActiveCfg = Debug|iPhoneSimulator
		{E9476FA7-CACE-4BD5-9DD6-7AC974022004}.Debug|iPhoneSimulator.Build.0 = Debug|iPhoneSimulator
		{E9476FA7-CACE-4BD5-9DD6-7AC974022004}.Debug|x64.ActiveCfg = Debug|iPhone
		{E9476FA7-CACE-4BD5-9DD6-7AC974022004}.Debug|x86.ActiveCfg = Debug|iPhone
		{E9476FA7-CACE-4BD5-9DD6-7AC974022004}.Release|Any CPU.ActiveCfg = Release|iPhone
		{E9476FA7-CACE-4BD5-9DD6-7AC974022004}.Release|ARM.ActiveCfg = Release|iPhone
		{E9476FA7-CACE-4BD5-9DD6-7AC974022004}.Release|iPhone.ActiveCfg = Release|iPhone
		{E9476FA7-CACE-4BD5-9DD6-7AC974022004}.Release|iPhone.Build.0 = Release|iPhone
		{E9476FA7-CACE-4BD5-9DD6-7AC974022004}.Release|iPhoneSimulator.ActiveCfg = Release|iPhoneSimulator
		{E9476FA7-CACE-4BD5-9DD6-7AC974022004}.Release|iPhoneSimulator.Build.0 = Release|iPhoneSimulator
		{E9476FA7-CACE-4BD5-9DD6-7AC974022004}.Release|x64.ActiveCfg = Release|iPhone
		{E9476FA7-CACE-4BD5-9DD6-7AC974022004}.Release|x86.ActiveCfg = Release|iPhone
		{584EF906-59AD-4101-87CF-6F48394A5332}.Ad-Hoc|Any CPU.ActiveCfg = Release|Any CPU
		{584EF906-59AD-4101-87CF-6F48394A5332}.Ad-Hoc|Any CPU.Build.0 = Release|Any CPU
		{584EF906-59AD-4101-87CF-6F48394A5332}.Ad-Hoc|Any CPU.Deploy.0 = Release|Any CPU
		{584EF906-59AD-4101-87CF-6F48394A5332}.Ad-Hoc|ARM.ActiveCfg = Release|ARM
		{584EF906-59AD-4101-87CF-6F48394A5332}.Ad-Hoc|ARM.Build.0 = Release|ARM
		{584EF906-59AD-4101-87CF-6F48394A5332}.Ad-Hoc|ARM.Deploy.0 = Release|ARM
		{584EF906-59AD-4101-87CF-6F48394A5332}.Ad-Hoc|iPhone.ActiveCfg = Release|Any CPU
		{584EF906-59AD-4101-87CF-6F48394A5332}.Ad-Hoc|iPhone.Build.0 = Release|Any CPU
		{584EF906-59AD-4101-87CF-6F48394A5332}.Ad-Hoc|iPhone.Deploy.0 = Release|Any CPU
		{584EF906-59AD-4101-87CF-6F48394A5332}.Ad-Hoc|iPhoneSimulator.ActiveCfg = Release|Any CPU
		{584EF906-59AD-4101-87CF-6F48394A5332}.Ad-Hoc|iPhoneSimulator.Build.0 = Release|Any CPU
		{584EF906-59AD-4101-87CF-6F48394A5332}.Ad-Hoc|iPhoneSimulator.Deploy.0 = Release|Any CPU
		{584EF906-59AD-4101-87CF-6F48394A5332}.Ad-Hoc|x64.ActiveCfg = Release|Any CPU
		{584EF906-59AD-4101-87CF-6F48394A5332}.Ad-Hoc|x64.Build.0 = Release|Any CPU
		{584EF906-59AD-4101-87CF-6F48394A5332}.Ad-Hoc|x64.Deploy.0 = Release|Any CPU
		{584EF906-59AD-4101-87CF-6F48394A5332}.Ad-Hoc|x86.ActiveCfg = Release|x86
		{584EF906-59AD-4101-87CF-6F48394A5332}.Ad-Hoc|x86.Build.0 = Release|x86
		{584EF906-59AD-4101-87CF-6F48394A5332}.Ad-Hoc|x86.Deploy.0 = Release|x86
		{584EF906-59AD-4101-87CF-6F48394A5332}.AppStore|Any CPU.ActiveCfg = Release|Any CPU
		{584EF906-59AD-4101-87CF-6F48394A5332}.AppStore|Any CPU.Build.0 = Release|Any CPU
		{584EF906-59AD-4101-87CF-6F48394A5332}.AppStore|Any CPU.Deploy.0 = Release|Any CPU
		{584EF906-59AD-4101-87CF-6F48394A5332}.AppStore|ARM.ActiveCfg = Release|ARM
		{584EF906-59AD-4101-87CF-6F48394A5332}.AppStore|ARM.Build.0 = Release|ARM
		{584EF906-59AD-4101-87CF-6F48394A5332}.AppStore|ARM.Deploy.0 = Release|ARM
		{584EF906-59AD-4101-87CF-6F48394A5332}.AppStore|iPhone.ActiveCfg = Release|Any CPU
		{584EF906-59AD-4101-87CF-6F48394A5332}.AppStore|iPhone.Build.0 = Release|Any CPU
		{584EF906-59AD-4101-87CF-6F48394A5332}.AppStore|iPhone.Deploy.0 = Release|Any CPU
		{584EF906-59AD-4101-87CF-6F48394A5332}.AppStore|iPhoneSimulator.ActiveCfg = Release|Any CPU
		{584EF906-59AD-4101-87CF-6F48394A5332}.AppStore|iPhoneSimulator.Build.0 = Release|Any CPU
		{584EF906-59AD-4101-87CF-6F48394A5332}.AppStore|iPhoneSimulator.Deploy.0 = Release|Any CPU
		{584EF906-59AD-4101-87CF-6F48394A5332}.AppStore|x64.ActiveCfg = Release|Any CPU
		{584EF906-59AD-4101-87CF-6F48394A5332}.AppStore|x64.Build.0 = Release|Any CPU
		{584EF906-59AD-4101-87CF-6F48394A5332}.AppStore|x64.Deploy.0 = Release|Any CPU
		{584EF906-59AD-4101-87CF-6F48394A5332}.AppStore|x86.ActiveCfg = Release|x86
		{584EF906-59AD-4101-87CF-6F48394A5332}.AppStore|x86.Build.0 = Release|x86
		{584EF906-59AD-4101-87CF-6F48394A5332}.AppStore|x86.Deploy.0 = Release|x86
		{584EF906-59AD-4101-87CF-6F48394A5332}.Debug|Any CPU.ActiveCfg = Debug|Any CPU
		{584EF906-59AD-4101-87CF-6F48394A5332}.Debug|Any CPU.Build.0 = Debug|Any CPU
		{584EF906-59AD-4101-87CF-6F48394A5332}.Debug|Any CPU.Deploy.0 = Debug|Any CPU
		{584EF906-59AD-4101-87CF-6F48394A5332}.Debug|ARM.ActiveCfg = Debug|ARM
		{584EF906-59AD-4101-87CF-6F48394A5332}.Debug|ARM.Build.0 = Debug|ARM
		{584EF906-59AD-4101-87CF-6F48394A5332}.Debug|ARM.Deploy.0 = Debug|ARM
		{584EF906-59AD-4101-87CF-6F48394A5332}.Debug|iPhone.ActiveCfg = Debug|Any CPU
		{584EF906-59AD-4101-87CF-6F48394A5332}.Debug|iPhone.Build.0 = Debug|Any CPU
		{584EF906-59AD-4101-87CF-6F48394A5332}.Debug|iPhone.Deploy.0 = Debug|Any CPU
		{584EF906-59AD-4101-87CF-6F48394A5332}.Debug|iPhoneSimulator.ActiveCfg = Debug|Any CPU
		{584EF906-59AD-4101-87CF-6F48394A5332}.Debug|iPhoneSimulator.Build.0 = Debug|Any CPU
		{584EF906-59AD-4101-87CF-6F48394A5332}.Debug|iPhoneSimulator.Deploy.0 = Debug|Any CPU
		{584EF906-59AD-4101-87CF-6F48394A5332}.Debug|x64.ActiveCfg = Debug|Any CPU
		{584EF906-59AD-4101-87CF-6F48394A5332}.Debug|x64.Build.0 = Debug|Any CPU
		{584EF906-59AD-4101-87CF-6F48394A5332}.Debug|x64.Deploy.0 = Debug|Any CPU
		{584EF906-59AD-4101-87CF-6F48394A5332}.Debug|x86.ActiveCfg = Debug|x86
		{584EF906-59AD-4101-87CF-6F48394A5332}.Debug|x86.Build.0 = Debug|x86
		{584EF906-59AD-4101-87CF-6F48394A5332}.Debug|x86.Deploy.0 = Debug|x86
		{584EF906-59AD-4101-87CF-6F48394A5332}.Release|Any CPU.ActiveCfg = Release|Any CPU
		{584EF906-59AD-4101-87CF-6F48394A5332}.Release|Any CPU.Build.0 = Release|Any CPU
		{584EF906-59AD-4101-87CF-6F48394A5332}.Release|Any CPU.Deploy.0 = Release|Any CPU
		{584EF906-59AD-4101-87CF-6F48394A5332}.Release|ARM.ActiveCfg = Release|ARM
		{584EF906-59AD-4101-87CF-6F48394A5332}.Release|ARM.Build.0 = Release|ARM
		{584EF906-59AD-4101-87CF-6F48394A5332}.Release|ARM.Deploy.0 = Release|ARM
		{584EF906-59AD-4101-87CF-6F48394A5332}.Release|iPhone.ActiveCfg = Release|Any CPU
		{584EF906-59AD-4101-87CF-6F48394A5332}.Release|iPhone.Build.0 = Release|Any CPU
		{584EF906-59AD-4101-87CF-6F48394A5332}.Release|iPhone.Deploy.0 = Release|Any CPU
		{584EF906-59AD-4101-87CF-6F48394A5332}.Release|iPhoneSimulator.ActiveCfg = Release|Any CPU
		{584EF906-59AD-4101-87CF-6F48394A5332}.Release|iPhoneSimulator.Build.0 = Release|Any CPU
		{584EF906-59AD-4101-87CF-6F48394A5332}.Release|iPhoneSimulator.Deploy.0 = Release|Any CPU
		{584EF906-59AD-4101-87CF-6F48394A5332}.Release|x64.ActiveCfg = Release|Any CPU
		{584EF906-59AD-4101-87CF-6F48394A5332}.Release|x64.Build.0 = Release|Any CPU
		{584EF906-59AD-4101-87CF-6F48394A5332}.Release|x64.Deploy.0 = Release|Any CPU
		{584EF906-59AD-4101-87CF-6F48394A5332}.Release|x86.ActiveCfg = Release|x86
		{584EF906-59AD-4101-87CF-6F48394A5332}.Release|x86.Build.0 = Release|x86
		{584EF906-59AD-4101-87CF-6F48394A5332}.Release|x86.Deploy.0 = Release|x86
		{BC9EC28B-8378-4B63-9EAD-3CC024530570}.Ad-Hoc|Any CPU.ActiveCfg = Release|Any CPU
		{BC9EC28B-8378-4B63-9EAD-3CC024530570}.Ad-Hoc|Any CPU.Build.0 = Release|Any CPU
		{BC9EC28B-8378-4B63-9EAD-3CC024530570}.Ad-Hoc|Any CPU.Deploy.0 = Release|Any CPU
		{BC9EC28B-8378-4B63-9EAD-3CC024530570}.Ad-Hoc|ARM.ActiveCfg = Release|ARM
		{BC9EC28B-8378-4B63-9EAD-3CC024530570}.Ad-Hoc|ARM.Build.0 = Release|ARM
		{BC9EC28B-8378-4B63-9EAD-3CC024530570}.Ad-Hoc|ARM.Deploy.0 = Release|ARM
		{BC9EC28B-8378-4B63-9EAD-3CC024530570}.Ad-Hoc|iPhone.ActiveCfg = Release|Any CPU
		{BC9EC28B-8378-4B63-9EAD-3CC024530570}.Ad-Hoc|iPhone.Build.0 = Release|Any CPU
		{BC9EC28B-8378-4B63-9EAD-3CC024530570}.Ad-Hoc|iPhone.Deploy.0 = Release|Any CPU
		{BC9EC28B-8378-4B63-9EAD-3CC024530570}.Ad-Hoc|iPhoneSimulator.ActiveCfg = Release|Any CPU
		{BC9EC28B-8378-4B63-9EAD-3CC024530570}.Ad-Hoc|iPhoneSimulator.Build.0 = Release|Any CPU
		{BC9EC28B-8378-4B63-9EAD-3CC024530570}.Ad-Hoc|iPhoneSimulator.Deploy.0 = Release|Any CPU
		{BC9EC28B-8378-4B63-9EAD-3CC024530570}.Ad-Hoc|x64.ActiveCfg = Release|x64
		{BC9EC28B-8378-4B63-9EAD-3CC024530570}.Ad-Hoc|x64.Build.0 = Release|x64
		{BC9EC28B-8378-4B63-9EAD-3CC024530570}.Ad-Hoc|x64.Deploy.0 = Release|x64
		{BC9EC28B-8378-4B63-9EAD-3CC024530570}.Ad-Hoc|x86.ActiveCfg = Release|x86
		{BC9EC28B-8378-4B63-9EAD-3CC024530570}.Ad-Hoc|x86.Build.0 = Release|x86
		{BC9EC28B-8378-4B63-9EAD-3CC024530570}.Ad-Hoc|x86.Deploy.0 = Release|x86
		{BC9EC28B-8378-4B63-9EAD-3CC024530570}.AppStore|Any CPU.ActiveCfg = Release|Any CPU
		{BC9EC28B-8378-4B63-9EAD-3CC024530570}.AppStore|Any CPU.Build.0 = Release|Any CPU
		{BC9EC28B-8378-4B63-9EAD-3CC024530570}.AppStore|Any CPU.Deploy.0 = Release|Any CPU
		{BC9EC28B-8378-4B63-9EAD-3CC024530570}.AppStore|ARM.ActiveCfg = Release|ARM
		{BC9EC28B-8378-4B63-9EAD-3CC024530570}.AppStore|ARM.Build.0 = Release|ARM
		{BC9EC28B-8378-4B63-9EAD-3CC024530570}.AppStore|ARM.Deploy.0 = Release|ARM
		{BC9EC28B-8378-4B63-9EAD-3CC024530570}.AppStore|iPhone.ActiveCfg = Release|Any CPU
		{BC9EC28B-8378-4B63-9EAD-3CC024530570}.AppStore|iPhone.Build.0 = Release|Any CPU
		{BC9EC28B-8378-4B63-9EAD-3CC024530570}.AppStore|iPhone.Deploy.0 = Release|Any CPU
		{BC9EC28B-8378-4B63-9EAD-3CC024530570}.AppStore|iPhoneSimulator.ActiveCfg = Release|Any CPU
		{BC9EC28B-8378-4B63-9EAD-3CC024530570}.AppStore|iPhoneSimulator.Build.0 = Release|Any CPU
		{BC9EC28B-8378-4B63-9EAD-3CC024530570}.AppStore|iPhoneSimulator.Deploy.0 = Release|Any CPU
		{BC9EC28B-8378-4B63-9EAD-3CC024530570}.AppStore|x64.ActiveCfg = Release|x64
		{BC9EC28B-8378-4B63-9EAD-3CC024530570}.AppStore|x64.Build.0 = Release|x64
		{BC9EC28B-8378-4B63-9EAD-3CC024530570}.AppStore|x64.Deploy.0 = Release|x64
		{BC9EC28B-8378-4B63-9EAD-3CC024530570}.AppStore|x86.ActiveCfg = Release|x86
		{BC9EC28B-8378-4B63-9EAD-3CC024530570}.AppStore|x86.Build.0 = Release|x86
		{BC9EC28B-8378-4B63-9EAD-3CC024530570}.AppStore|x86.Deploy.0 = Release|x86
		{BC9EC28B-8378-4B63-9EAD-3CC024530570}.Debug|Any CPU.ActiveCfg = Debug|Any CPU
		{BC9EC28B-8378-4B63-9EAD-3CC024530570}.Debug|Any CPU.Build.0 = Debug|Any CPU
		{BC9EC28B-8378-4B63-9EAD-3CC024530570}.Debug|Any CPU.Deploy.0 = Debug|Any CPU
		{BC9EC28B-8378-4B63-9EAD-3CC024530570}.Debug|ARM.ActiveCfg = Debug|ARM
		{BC9EC28B-8378-4B63-9EAD-3CC024530570}.Debug|ARM.Build.0 = Debug|ARM
		{BC9EC28B-8378-4B63-9EAD-3CC024530570}.Debug|ARM.Deploy.0 = Debug|ARM
		{BC9EC28B-8378-4B63-9EAD-3CC024530570}.Debug|iPhone.ActiveCfg = Debug|Any CPU
		{BC9EC28B-8378-4B63-9EAD-3CC024530570}.Debug|iPhone.Build.0 = Debug|Any CPU
		{BC9EC28B-8378-4B63-9EAD-3CC024530570}.Debug|iPhone.Deploy.0 = Debug|Any CPU
		{BC9EC28B-8378-4B63-9EAD-3CC024530570}.Debug|iPhoneSimulator.ActiveCfg = Debug|Any CPU
		{BC9EC28B-8378-4B63-9EAD-3CC024530570}.Debug|iPhoneSimulator.Build.0 = Debug|Any CPU
		{BC9EC28B-8378-4B63-9EAD-3CC024530570}.Debug|iPhoneSimulator.Deploy.0 = Debug|Any CPU
		{BC9EC28B-8378-4B63-9EAD-3CC024530570}.Debug|x64.ActiveCfg = Debug|x64
		{BC9EC28B-8378-4B63-9EAD-3CC024530570}.Debug|x64.Build.0 = Debug|x64
		{BC9EC28B-8378-4B63-9EAD-3CC024530570}.Debug|x64.Deploy.0 = Debug|x64
		{BC9EC28B-8378-4B63-9EAD-3CC024530570}.Debug|x86.ActiveCfg = Debug|x86
		{BC9EC28B-8378-4B63-9EAD-3CC024530570}.Debug|x86.Build.0 = Debug|x86
		{BC9EC28B-8378-4B63-9EAD-3CC024530570}.Debug|x86.Deploy.0 = Debug|x86
		{BC9EC28B-8378-4B63-9EAD-3CC024530570}.Release|Any CPU.ActiveCfg = Release|Any CPU
		{BC9EC28B-8378-4B63-9EAD-3CC024530570}.Release|Any CPU.Build.0 = Release|Any CPU
		{BC9EC28B-8378-4B63-9EAD-3CC024530570}.Release|Any CPU.Deploy.0 = Release|Any CPU
		{BC9EC28B-8378-4B63-9EAD-3CC024530570}.Release|ARM.ActiveCfg = Release|ARM
		{BC9EC28B-8378-4B63-9EAD-3CC024530570}.Release|ARM.Build.0 = Release|ARM
		{BC9EC28B-8378-4B63-9EAD-3CC024530570}.Release|ARM.Deploy.0 = Release|ARM
		{BC9EC28B-8378-4B63-9EAD-3CC024530570}.Release|iPhone.ActiveCfg = Release|Any CPU
		{BC9EC28B-8378-4B63-9EAD-3CC024530570}.Release|iPhone.Build.0 = Release|Any CPU
		{BC9EC28B-8378-4B63-9EAD-3CC024530570}.Release|iPhone.Deploy.0 = Release|Any CPU
		{BC9EC28B-8378-4B63-9EAD-3CC024530570}.Release|iPhoneSimulator.ActiveCfg = Release|Any CPU
		{BC9EC28B-8378-4B63-9EAD-3CC024530570}.Release|iPhoneSimulator.Build.0 = Release|Any CPU
		{BC9EC28B-8378-4B63-9EAD-3CC024530570}.Release|iPhoneSimulator.Deploy.0 = Release|Any CPU
		{BC9EC28B-8378-4B63-9EAD-3CC024530570}.Release|x64.ActiveCfg = Release|x64
		{BC9EC28B-8378-4B63-9EAD-3CC024530570}.Release|x64.Build.0 = Release|x64
		{BC9EC28B-8378-4B63-9EAD-3CC024530570}.Release|x64.Deploy.0 = Release|x64
		{BC9EC28B-8378-4B63-9EAD-3CC024530570}.Release|x86.ActiveCfg = Release|x86
		{BC9EC28B-8378-4B63-9EAD-3CC024530570}.Release|x86.Build.0 = Release|x86
		{BC9EC28B-8378-4B63-9EAD-3CC024530570}.Release|x86.Deploy.0 = Release|x86
	EndGlobalSection
	GlobalSection(SolutionProperties) = preSolution
		HideSolutionNode = FALSE
	EndGlobalSection
EndGlobal
